
Microsoft Visual Studio Solution File, Format Version 12.00
# Visual Studio Version 17
VisualStudioVersion = 17.3.32825.248
MinimumVisualStudioVersion = 10.0.40219.1
Project("{FAE04EC0-301F-11D3-BF4B-00C04F79EFBC}") = "CourseWorkDB", "CourseWorkDB\CourseWorkDB.csproj", "{1F4749E3-0BC0-4640-96A5-640F8BB7CC90}"
EndProject
Global
	GlobalSection(SolutionConfigurationPlatforms) = preSolution
		Debug|Any CPU = Debug|Any CPU
		Release|Any CPU = Release|Any CPU
	EndGlobalSection
	GlobalSection(ProjectConfigurationPlatforms) = postSolution
		{1F4749E3-0BC0-4640-96A5-640F8BB7CC90}.Debug|Any CPU.ActiveCfg = Debug|Any CPU
		{1F4749E3-0BC0-4640-96A5-640F8BB7CC90}.Debug|Any CPU.Build.0 = Debug|Any CPU
		{1F4749E3-0BC0-4640-96A5-640F8BB7CC90}.Release|Any CPU.ActiveCfg = Release|Any CPU
		{1F4749E3-0BC0-4640-96A5-640F8BB7CC90}.Release|Any CPU.Build.0 = Release|Any CPU
	EndGlobalSection
	GlobalSection(SolutionProperties) = preSolution
		HideSolutionNode = FALSE
	EndGlobalSection
	GlobalSection(ExtensibilityGlobals) = postSolution
		SolutionGuid = {4A0CD08B-1E50-4D47-AF6B-6AF7FE0A5BC8}
	EndGlobalSection
EndGlobal
